PODS:
  - HGPersonalCenterExtend (0.1.1):
    - Masonry (~> 1.1.0)
  - Masonry (1.1.0)

DEPENDENCIES:
  - HGPersonalCenterExtend (from `../`)

SPEC REPOS:
  https://github.com/cocoapods/specs.git:
    - Masonry

EXTERNAL SOURCES:
  HGPersonalCenterExtend:
    :path: "../"

SPEC CHECKSUMS:
  HGPersonalCenterExtend: cd07c649da9090b5c883088c0c32e11fbd96319b
  Masonry: 678fab65091a9290e40e2832a55e7ab731aad201

PODFILE CHECKSUM: 7e1003b32d8792b4a0173a80219ce60730742077

COCOAPODS: 1.5.3
