PODS:
  - FDFullscreenPopGesture (1.1)
  - HGCategoryView (1.1.7):
    - Masonry (~> 1.1.0)
  - HGPersonalCenterExtend (1.2.8):
    - HGCategoryView (~> 1.1.7)
    - Masonry (~> 1.1.0)
  - Masonry (1.1.0)
  - RTRootNavigationController (0.7.2):
    - RTRootNavigationController/Core (= 0.7.2)
  - RTRootNavigationController/Core (0.7.2)

DEPENDENCIES:
  - FDFullscreenPopGesture (~> 1.1)
  - HGPersonalCenterExtend (from `../`)
  - RTRootNavigationController (~> 0.7.2)

SPEC REPOS:
  https://github.com/CocoaPods/Specs.git:
    - FDFullscreenPopGesture
    - HGCategoryView
    - Masonry
    - RTRootNavigationController

EXTERNAL SOURCES:
  HGPersonalCenterExtend:
    :path: "../"

SPEC CHECKSUMS:
  FDFullscreenPopGesture: a8a620179e3d9c40e8e00256dcee1c1a27c6d0f0
  HGCategoryView: 88b4aa1e1e1bb973a5d2b3cf864811830333ca31
  HGPersonalCenterExtend: d59d3cceaa53c0fa8d34b934804757bbdfc0dfef
  Masonry: 678fab65091a9290e40e2832a55e7ab731aad201
  RTRootNavigationController: 8344c2352d6d40fa370d0366efae2c84a945213f

PODFILE CHECKSUM: 4db45eb6ad8bd7c17a6fa36946486b91a0e937b2

COCOAPODS: 1.9.3
