// !$*UTF8*$!
{
	archiveVersion = 1;
	classes = {
	};
	objectVersion = 46;
	objects = {

/* Begin PBXBuildFile section */
		3E4C03C4CA0E5F97CD522012 /* libPods-PersonalCenter.a in Frameworks */ = {isa = PBXBuildFile; fileRef = 3379ED4F74FC9D400EBAF696 /* libPods-PersonalCenter.a */; };
		5313760F1F6A7FCA00D646AF /* Foundation.framework in Frameworks */ = {isa = PBXBuildFile; fileRef = 5313760E1F6A7FCA00D646AF /* Foundation.framework */; };
		531376111F6A7FD300D646AF /* UIKit.framework in Frameworks */ = {isa = PBXBuildFile; fileRef = 531376101F6A7FD300D646AF /* UIKit.framework */; };
		53137B961F70F556002A95D8 /* MBProgressHUD+NHAdd.m in Sources */ = {isa = PBXBuildFile; fileRef = 53137B941F70F4E3002A95D8 /* MBProgressHUD+NHAdd.m */; };
		53137B971F70F559002A95D8 /* MBProgressHUD.m in Sources */ = {isa = PBXBuildFile; fileRef = 53137B921F70F4E3002A95D8 /* MBProgressHUD.m */; };
		53D0B8EF1F712DA40014A6BB /* CenterTouchTableView.m in Sources */ = {isa = PBXBuildFile; fileRef = 53D0B8ED1F712DA40014A6BB /* CenterTouchTableView.m */; };
		A921768920B018F900F2AD46 /* CenterTestCollectionView.m in Sources */ = {isa = PBXBuildFile; fileRef = A921768720B018F900F2AD46 /* CenterTestCollectionView.m */; };
		A921768A20B018F900F2AD46 /* CenterTestCollectionView.xib in Resources */ = {isa = PBXBuildFile; fileRef = A921768820B018F900F2AD46 /* CenterTestCollectionView.xib */; };
		A921769320B01C8500F2AD46 /* CenterTestCollectionViewCell.m in Sources */ = {isa = PBXBuildFile; fileRef = A921769120B01C8500F2AD46 /* CenterTestCollectionViewCell.m */; };
		A921769420B01C8500F2AD46 /* CenterTestCollectionViewCell.xib in Resources */ = {isa = PBXBuildFile; fileRef = A921769220B01C8500F2AD46 /* CenterTestCollectionViewCell.xib */; };
		A9A10C91212A636400F850A1 /* SegmentHeaderView.m in Sources */ = {isa = PBXBuildFile; fileRef = A9A10C90212A636400F850A1 /* SegmentHeaderView.m */; };
		D24F5E2D1EF3D9CD0011AB07 /* main.m in Sources */ = {isa = PBXBuildFile; fileRef = D24F5E2C1EF3D9CD0011AB07 /* main.m */; };
		D24F5E301EF3D9CD0011AB07 /* AppDelegate.m in Sources */ = {isa = PBXBuildFile; fileRef = D24F5E2F1EF3D9CD0011AB07 /* AppDelegate.m */; };
		D24F5E361EF3D9CD0011AB07 /* Main.storyboard in Resources */ = {isa = PBXBuildFile; fileRef = D24F5E341EF3D9CD0011AB07 /* Main.storyboard */; };
		D24F5E381EF3D9CD0011AB07 /* Assets.xcassets in Resources */ = {isa = PBXBuildFile; fileRef = D24F5E371EF3D9CD0011AB07 /* Assets.xcassets */; };
		D24F5E3B1EF3D9CD0011AB07 /* LaunchScreen.storyboard in Resources */ = {isa = PBXBuildFile; fileRef = D24F5E391EF3D9CD0011AB07 /* LaunchScreen.storyboard */; };
		D24F5E5B1EF3D9FA0011AB07 /* PersonalCenterViewController.m in Sources */ = {isa = PBXBuildFile; fileRef = D24F5E451EF3D9FA0011AB07 /* PersonalCenterViewController.m */; };
		D24F5E5C1EF3D9FA0011AB07 /* FirstViewController.m in Sources */ = {isa = PBXBuildFile; fileRef = D24F5E481EF3D9FA0011AB07 /* FirstViewController.m */; };
		D24F5E5D1EF3D9FA0011AB07 /* SecondViewController.m in Sources */ = {isa = PBXBuildFile; fileRef = D24F5E4A1EF3D9FA0011AB07 /* SecondViewController.m */; };
		D24F5E5E1EF3D9FA0011AB07 /* SegmentViewController.m in Sources */ = {isa = PBXBuildFile; fileRef = D24F5E4C1EF3D9FA0011AB07 /* SegmentViewController.m */; };
		D24F5E5F1EF3D9FA0011AB07 /* ThirdViewController.m in Sources */ = {isa = PBXBuildFile; fileRef = D24F5E4E1EF3D9FA0011AB07 /* ThirdViewController.m */; };
		D24F5E601EF3D9FA0011AB07 /* SegmentView.m in Sources */ = {isa = PBXBuildFile; fileRef = D24F5E521EF3D9FA0011AB07 /* SegmentView.m */; };
		D24F5E621EF3D9FA0011AB07 /* center_avatar.jpeg in Resources */ = {isa = PBXBuildFile; fileRef = D24F5E561EF3D9FA0011AB07 /* center_avatar.jpeg */; };
		D24F5E631EF3D9FA0011AB07 /* center_bg.jpg in Resources */ = {isa = PBXBuildFile; fileRef = D24F5E571EF3D9FA0011AB07 /* center_bg.jpg */; };
		D24F5E651EF3D9FA0011AB07 /* RootViewController.m in Sources */ = {isa = PBXBuildFile; fileRef = D24F5E5A1EF3D9FA0011AB07 /* RootViewController.m */; };
		D277E1F11EF78889001C0DC1 /* back.png in Resources */ = {isa = PBXBuildFile; fileRef = D277E1F01EF78889001C0DC1 /* back.png */; };
		D277E1F31EF78BA6001C0DC1 /* message.png in Resources */ = {isa = PBXBuildFile; fileRef = D277E1F21EF78BA6001C0DC1 /* message.png */; };
		D277E1F51EF78C3C001C0DC1 /* cartoon.jpg in Resources */ = {isa = PBXBuildFile; fileRef = D277E1F41EF78C3C001C0DC1 /* cartoon.jpg */; };
		D277E1F81EF78CA3001C0DC1 /* MessageViewController.m in Sources */ = {isa = PBXBuildFile; fileRef = D277E1F71EF78CA3001C0DC1 /* MessageViewController.m */; };
		D277E1FC1EF78DA3001C0DC1 /* BaseViewController.m in Sources */ = {isa = PBXBuildFile; fileRef = D277E1FB1EF78DA3001C0DC1 /* BaseViewController.m */; };
/* End PBXBuildFile section */

/* Begin PBXFileReference section */
		3379ED4F74FC9D400EBAF696 /* libPods-PersonalCenter.a */ = {isa = PBXFileReference; explicitFileType = archive.ar; includeInIndex = 0; path = "libPods-PersonalCenter.a"; sourceTree = BUILT_PRODUCTS_DIR; };
		5313760E1F6A7FCA00D646AF /* Foundation.framework */ = {isa = PBXFileReference; lastKnownFileType = wrapper.framework; name = Foundation.framework; path = System/Library/Frameworks/Foundation.framework; sourceTree = SDKROOT; };
		531376101F6A7FD300D646AF /* UIKit.framework */ = {isa = PBXFileReference; lastKnownFileType = wrapper.framework; name = UIKit.framework; path = System/Library/Frameworks/UIKit.framework; sourceTree = SDKROOT; };
		53137B911F70F4E3002A95D8 /* MBProgressHUD.h */ = {isa = PBXFileReference; lastKnownFileType = sourcecode.c.h; path = MBProgressHUD.h; sourceTree = "<group>"; };
		53137B921F70F4E3002A95D8 /* MBProgressHUD.m */ = {isa = PBXFileReference; lastKnownFileType = sourcecode.c.objc; path = MBProgressHUD.m; sourceTree = "<group>"; };
		53137B931F70F4E3002A95D8 /* MBProgressHUD+NHAdd.h */ = {isa = PBXFileReference; lastKnownFileType = sourcecode.c.h; path = "MBProgressHUD+NHAdd.h"; sourceTree = "<group>"; };
		53137B941F70F4E3002A95D8 /* MBProgressHUD+NHAdd.m */ = {isa = PBXFileReference; lastKnownFileType = sourcecode.c.objc; path = "MBProgressHUD+NHAdd.m"; sourceTree = "<group>"; };
		53137B951F70F4E3002A95D8 /* MBProgressHUD_NHExtend.h */ = {isa = PBXFileReference; lastKnownFileType = sourcecode.c.h; path = MBProgressHUD_NHExtend.h; sourceTree = "<group>"; };
		53D0B8ED1F712DA40014A6BB /* CenterTouchTableView.m */ = {isa = PBXFileReference; lastKnownFileType = sourcecode.c.objc; path = CenterTouchTableView.m; sourceTree = "<group>"; };
		53D0B8EE1F712DA40014A6BB /* CenterTouchTableView.h */ = {isa = PBXFileReference; lastKnownFileType = sourcecode.c.h; path = CenterTouchTableView.h; sourceTree = "<group>"; };
		53F1415C1F6BB05F00AB9BEF /* PrefixHeader.pch */ = {isa = PBXFileReference; lastKnownFileType = sourcecode.c.h; path = PrefixHeader.pch; sourceTree = "<group>"; };
		A921768620B018F900F2AD46 /* CenterTestCollectionView.h */ = {isa = PBXFileReference; lastKnownFileType = sourcecode.c.h; path = CenterTestCollectionView.h; sourceTree = "<group>"; };
		A921768720B018F900F2AD46 /* CenterTestCollectionView.m */ = {isa = PBXFileReference; lastKnownFileType = sourcecode.c.objc; path = CenterTestCollectionView.m; sourceTree = "<group>"; };
		A921768820B018F900F2AD46 /* CenterTestCollectionView.xib */ = {isa = PBXFileReference; lastKnownFileType = file.xib; path = CenterTestCollectionView.xib; sourceTree = "<group>"; };
		A921769020B01C8500F2AD46 /* CenterTestCollectionViewCell.h */ = {isa = PBXFileReference; lastKnownFileType = sourcecode.c.h; path = CenterTestCollectionViewCell.h; sourceTree = "<group>"; };
		A921769120B01C8500F2AD46 /* CenterTestCollectionViewCell.m */ = {isa = PBXFileReference; lastKnownFileType = sourcecode.c.objc; path = CenterTestCollectionViewCell.m; sourceTree = "<group>"; };
		A921769220B01C8500F2AD46 /* CenterTestCollectionViewCell.xib */ = {isa = PBXFileReference; lastKnownFileType = file.xib; path = CenterTestCollectionViewCell.xib; sourceTree = "<group>"; };
		A9A10C8F212A636400F850A1 /* SegmentHeaderView.h */ = {isa = PBXFileReference; lastKnownFileType = sourcecode.c.h; path = SegmentHeaderView.h; sourceTree = "<group>"; };
		A9A10C90212A636400F850A1 /* SegmentHeaderView.m */ = {isa = PBXFileReference; lastKnownFileType = sourcecode.c.objc; path = SegmentHeaderView.m; sourceTree = "<group>"; };
		D24F5E281EF3D9CD0011AB07 /* PersonalCenter.app */ = {isa = PBXFileReference; explicitFileType = wrapper.application; includeInIndex = 0; path = PersonalCenter.app; sourceTree = BUILT_PRODUCTS_DIR; };
		D24F5E2C1EF3D9CD0011AB07 /* main.m */ = {isa = PBXFileReference; lastKnownFileType = sourcecode.c.objc; path = main.m; sourceTree = "<group>"; };
		D24F5E2E1EF3D9CD0011AB07 /* AppDelegate.h */ = {isa = PBXFileReference; lastKnownFileType = sourcecode.c.h; path = AppDelegate.h; sourceTree = "<group>"; };
		D24F5E2F1EF3D9CD0011AB07 /* AppDelegate.m */ = {isa = PBXFileReference; lastKnownFileType = sourcecode.c.objc; path = AppDelegate.m; sourceTree = "<group>"; };
		D24F5E351EF3D9CD0011AB07 /* Base */ = {isa = PBXFileReference; lastKnownFileType = file.storyboard; name = Base; path = Base.lproj/Main.storyboard; sourceTree = "<group>"; };
		D24F5E371EF3D9CD0011AB07 /* Assets.xcassets */ = {isa = PBXFileReference; lastKnownFileType = folder.assetcatalog; path = Assets.xcassets; sourceTree = "<group>"; };
		D24F5E3A1EF3D9CD0011AB07 /* Base */ = {isa = PBXFileReference; lastKnownFileType = file.storyboard; name = Base; path = Base.lproj/LaunchScreen.storyboard; sourceTree = "<group>"; };
		D24F5E3C1EF3D9CD0011AB07 /* Info.plist */ = {isa = PBXFileReference; lastKnownFileType = text.plist.xml; path = Info.plist; sourceTree = "<group>"; };
		D24F5E441EF3D9FA0011AB07 /* PersonalCenterViewController.h */ = {isa = PBXFileReference; fileEncoding = 4; lastKnownFileType = sourcecode.c.h; path = PersonalCenterViewController.h; sourceTree = "<group>"; };
		D24F5E451EF3D9FA0011AB07 /* PersonalCenterViewController.m */ = {isa = PBXFileReference; fileEncoding = 4; lastKnownFileType = sourcecode.c.objc; path = PersonalCenterViewController.m; sourceTree = "<group>"; };
		D24F5E471EF3D9FA0011AB07 /* FirstViewController.h */ = {isa = PBXFileReference; fileEncoding = 4; lastKnownFileType = sourcecode.c.h; path = FirstViewController.h; sourceTree = "<group>"; };
		D24F5E481EF3D9FA0011AB07 /* FirstViewController.m */ = {isa = PBXFileReference; fileEncoding = 4; lastKnownFileType = sourcecode.c.objc; path = FirstViewController.m; sourceTree = "<group>"; };
		D24F5E491EF3D9FA0011AB07 /* SecondViewController.h */ = {isa = PBXFileReference; fileEncoding = 4; lastKnownFileType = sourcecode.c.h; path = SecondViewController.h; sourceTree = "<group>"; };
		D24F5E4A1EF3D9FA0011AB07 /* SecondViewController.m */ = {isa = PBXFileReference; fileEncoding = 4; lastKnownFileType = sourcecode.c.objc; path = SecondViewController.m; sourceTree = "<group>"; };
		D24F5E4B1EF3D9FA0011AB07 /* SegmentViewController.h */ = {isa = PBXFileReference; fileEncoding = 4; lastKnownFileType = sourcecode.c.h; path = SegmentViewController.h; sourceTree = "<group>"; };
		D24F5E4C1EF3D9FA0011AB07 /* SegmentViewController.m */ = {isa = PBXFileReference; fileEncoding = 4; lastKnownFileType = sourcecode.c.objc; path = SegmentViewController.m; sourceTree = "<group>"; };
		D24F5E4D1EF3D9FA0011AB07 /* ThirdViewController.h */ = {isa = PBXFileReference; fileEncoding = 4; lastKnownFileType = sourcecode.c.h; path = ThirdViewController.h; sourceTree = "<group>"; };
		D24F5E4E1EF3D9FA0011AB07 /* ThirdViewController.m */ = {isa = PBXFileReference; fileEncoding = 4; lastKnownFileType = sourcecode.c.objc; path = ThirdViewController.m; sourceTree = "<group>"; };
		D24F5E511EF3D9FA0011AB07 /* SegmentView.h */ = {isa = PBXFileReference; fileEncoding = 4; lastKnownFileType = sourcecode.c.h; path = SegmentView.h; sourceTree = "<group>"; };
		D24F5E521EF3D9FA0011AB07 /* SegmentView.m */ = {isa = PBXFileReference; fileEncoding = 4; lastKnownFileType = sourcecode.c.objc; path = SegmentView.m; sourceTree = "<group>"; };
		D24F5E561EF3D9FA0011AB07 /* center_avatar.jpeg */ = {isa = PBXFileReference; lastKnownFileType = image.jpeg; path = center_avatar.jpeg; sourceTree = "<group>"; };
		D24F5E571EF3D9FA0011AB07 /* center_bg.jpg */ = {isa = PBXFileReference; lastKnownFileType = image.jpeg; path = center_bg.jpg; sourceTree = "<group>"; };
		D24F5E591EF3D9FA0011AB07 /* RootViewController.h */ = {isa = PBXFileReference; fileEncoding = 4; lastKnownFileType = sourcecode.c.h; path = RootViewController.h; sourceTree = "<group>"; };
		D24F5E5A1EF3D9FA0011AB07 /* RootViewController.m */ = {isa = PBXFileReference; fileEncoding = 4; lastKnownFileType = sourcecode.c.objc; path = RootViewController.m; sourceTree = "<group>"; };
		D277E1F01EF78889001C0DC1 /* back.png */ = {isa = PBXFileReference; lastKnownFileType = image.png; path = back.png; sourceTree = "<group>"; };
		D277E1F21EF78BA6001C0DC1 /* message.png */ = {isa = PBXFileReference; lastKnownFileType = image.png; path = message.png; sourceTree = "<group>"; };
		D277E1F41EF78C3C001C0DC1 /* cartoon.jpg */ = {isa = PBXFileReference; lastKnownFileType = image.jpeg; path = cartoon.jpg; sourceTree = "<group>"; };
		D277E1F61EF78CA3001C0DC1 /* MessageViewController.h */ = {isa = PBXFileReference; fileEncoding = 4; lastKnownFileType = sourcecode.c.h; path = MessageViewController.h; sourceTree = "<group>"; };
		D277E1F71EF78CA3001C0DC1 /* MessageViewController.m */ = {isa = PBXFileReference; fileEncoding = 4; lastKnownFileType = sourcecode.c.objc; path = MessageViewController.m; sourceTree = "<group>"; };
		D277E1FA1EF78DA3001C0DC1 /* BaseViewController.h */ = {isa = PBXFileReference; fileEncoding = 4; lastKnownFileType = sourcecode.c.h; path = BaseViewController.h; sourceTree = "<group>"; };
		D277E1FB1EF78DA3001C0DC1 /* BaseViewController.m */ = {isa = PBXFileReference; fileEncoding = 4; lastKnownFileType = sourcecode.c.objc; path = BaseViewController.m; sourceTree = "<group>"; };
		D8C0A4C5A30C82D2D3EF880E /* Pods-PersonalCenter.release.xcconfig */ = {isa = PBXFileReference; includeInIndex = 1; lastKnownFileType = text.xcconfig; name = "Pods-PersonalCenter.release.xcconfig"; path = "Pods/Target Support Files/Pods-PersonalCenter/Pods-PersonalCenter.release.xcconfig"; sourceTree = "<group>"; };
		EEC61715961AFF357FFAE7F5 /* Pods-PersonalCenter.debug.xcconfig */ = {isa = PBXFileReference; includeInIndex = 1; lastKnownFileType = text.xcconfig; name = "Pods-PersonalCenter.debug.xcconfig"; path = "Pods/Target Support Files/Pods-PersonalCenter/Pods-PersonalCenter.debug.xcconfig"; sourceTree = "<group>"; };
/* End PBXFileReference section */

/* Begin PBXFrameworksBuildPhase section */
		D24F5E251EF3D9CD0011AB07 /* Frameworks */ = {
			isa = PBXFrameworksBuildPhase;
			buildActionMask = 2147483647;
			files = (
				531376111F6A7FD300D646AF /* UIKit.framework in Frameworks */,
				5313760F1F6A7FCA00D646AF /* Foundation.framework in Frameworks */,
				3E4C03C4CA0E5F97CD522012 /* libPods-PersonalCenter.a in Frameworks */,
			);
			runOnlyForDeploymentPostprocessing = 0;
		};
/* End PBXFrameworksBuildPhase section */

/* Begin PBXGroup section */
		145BFB7591872D7542A16C6F /* Pods */ = {
			isa = PBXGroup;
			children = (
				EEC61715961AFF357FFAE7F5 /* Pods-PersonalCenter.debug.xcconfig */,
				D8C0A4C5A30C82D2D3EF880E /* Pods-PersonalCenter.release.xcconfig */,
			);
			name = Pods;
			sourceTree = "<group>";
		};
		2E4DAE681F702A71007C1EE2 /* Tools */ = {
			isa = PBXGroup;
			children = (
				53137B8F1F70F4E3002A95D8 /* NHHUDExtend */,
			);
			path = Tools;
			sourceTree = "<group>";
		};
		53137B8F1F70F4E3002A95D8 /* NHHUDExtend */ = {
			isa = PBXGroup;
			children = (
				53137B901F70F4E3002A95D8 /* MBProgressHUD */,
				53137B931F70F4E3002A95D8 /* MBProgressHUD+NHAdd.h */,
				53137B941F70F4E3002A95D8 /* MBProgressHUD+NHAdd.m */,
				53137B951F70F4E3002A95D8 /* MBProgressHUD_NHExtend.h */,
			);
			path = NHHUDExtend;
			sourceTree = "<group>";
		};
		53137B901F70F4E3002A95D8 /* MBProgressHUD */ = {
			isa = PBXGroup;
			children = (
				53137B911F70F4E3002A95D8 /* MBProgressHUD.h */,
				53137B921F70F4E3002A95D8 /* MBProgressHUD.m */,
			);
			path = MBProgressHUD;
			sourceTree = "<group>";
		};
		5DAD1D0165BB0A2CAF75501A /* Frameworks */ = {
			isa = PBXGroup;
			children = (
				531376101F6A7FD300D646AF /* UIKit.framework */,
				5313760E1F6A7FCA00D646AF /* Foundation.framework */,
				3379ED4F74FC9D400EBAF696 /* libPods-PersonalCenter.a */,
			);
			name = Frameworks;
			sourceTree = "<group>";
		};
		D24F5E1F1EF3D9CD0011AB07 = {
			isa = PBXGroup;
			children = (
				D24F5E2A1EF3D9CD0011AB07 /* PersonalCenter */,
				D24F5E291EF3D9CD0011AB07 /* Products */,
				145BFB7591872D7542A16C6F /* Pods */,
				5DAD1D0165BB0A2CAF75501A /* Frameworks */,
			);
			sourceTree = "<group>";
		};
		D24F5E291EF3D9CD0011AB07 /* Products */ = {
			isa = PBXGroup;
			children = (
				D24F5E281EF3D9CD0011AB07 /* PersonalCenter.app */,
			);
			name = Products;
			sourceTree = "<group>";
		};
		D24F5E2A1EF3D9CD0011AB07 /* PersonalCenter */ = {
			isa = PBXGroup;
			children = (
				2E4DAE681F702A71007C1EE2 /* Tools */,
				D24F5E551EF3D9FA0011AB07 /* Image */,
				D277E1F91EF78D95001C0DC1 /* Base */,
				D24F5E421EF3D9FA0011AB07 /* Center */,
				D24F5E2E1EF3D9CD0011AB07 /* AppDelegate.h */,
				D24F5E2F1EF3D9CD0011AB07 /* AppDelegate.m */,
				D24F5E591EF3D9FA0011AB07 /* RootViewController.h */,
				D24F5E5A1EF3D9FA0011AB07 /* RootViewController.m */,
				D24F5E341EF3D9CD0011AB07 /* Main.storyboard */,
				D24F5E2B1EF3D9CD0011AB07 /* Supporting Files */,
			);
			path = PersonalCenter;
			sourceTree = "<group>";
		};
		D24F5E2B1EF3D9CD0011AB07 /* Supporting Files */ = {
			isa = PBXGroup;
			children = (
				D24F5E371EF3D9CD0011AB07 /* Assets.xcassets */,
				D24F5E391EF3D9CD0011AB07 /* LaunchScreen.storyboard */,
				D24F5E3C1EF3D9CD0011AB07 /* Info.plist */,
				53F1415C1F6BB05F00AB9BEF /* PrefixHeader.pch */,
				D24F5E2C1EF3D9CD0011AB07 /* main.m */,
			);
			name = "Supporting Files";
			sourceTree = "<group>";
		};
		D24F5E421EF3D9FA0011AB07 /* Center */ = {
			isa = PBXGroup;
			children = (
				D24F5E431EF3D9FA0011AB07 /* Controller */,
				D24F5E501EF3D9FA0011AB07 /* View */,
			);
			path = Center;
			sourceTree = "<group>";
		};
		D24F5E431EF3D9FA0011AB07 /* Controller */ = {
			isa = PBXGroup;
			children = (
				D24F5E441EF3D9FA0011AB07 /* PersonalCenterViewController.h */,
				D24F5E451EF3D9FA0011AB07 /* PersonalCenterViewController.m */,
				D277E1F61EF78CA3001C0DC1 /* MessageViewController.h */,
				D277E1F71EF78CA3001C0DC1 /* MessageViewController.m */,
				D24F5E461EF3D9FA0011AB07 /* PersonCenterChildViewController */,
			);
			path = Controller;
			sourceTree = "<group>";
		};
		D24F5E461EF3D9FA0011AB07 /* PersonCenterChildViewController */ = {
			isa = PBXGroup;
			children = (
				D24F5E4B1EF3D9FA0011AB07 /* SegmentViewController.h */,
				D24F5E4C1EF3D9FA0011AB07 /* SegmentViewController.m */,
				D24F5E471EF3D9FA0011AB07 /* FirstViewController.h */,
				D24F5E481EF3D9FA0011AB07 /* FirstViewController.m */,
				D24F5E491EF3D9FA0011AB07 /* SecondViewController.h */,
				D24F5E4A1EF3D9FA0011AB07 /* SecondViewController.m */,
				D24F5E4D1EF3D9FA0011AB07 /* ThirdViewController.h */,
				D24F5E4E1EF3D9FA0011AB07 /* ThirdViewController.m */,
			);
			path = PersonCenterChildViewController;
			sourceTree = "<group>";
		};
		D24F5E501EF3D9FA0011AB07 /* View */ = {
			isa = PBXGroup;
			children = (
				D24F5E511EF3D9FA0011AB07 /* SegmentView.h */,
				D24F5E521EF3D9FA0011AB07 /* SegmentView.m */,
				A9A10C8F212A636400F850A1 /* SegmentHeaderView.h */,
				A9A10C90212A636400F850A1 /* SegmentHeaderView.m */,
				53D0B8EE1F712DA40014A6BB /* CenterTouchTableView.h */,
				53D0B8ED1F712DA40014A6BB /* CenterTouchTableView.m */,
				A921768620B018F900F2AD46 /* CenterTestCollectionView.h */,
				A921768720B018F900F2AD46 /* CenterTestCollectionView.m */,
				A921768820B018F900F2AD46 /* CenterTestCollectionView.xib */,
				A921769020B01C8500F2AD46 /* CenterTestCollectionViewCell.h */,
				A921769120B01C8500F2AD46 /* CenterTestCollectionViewCell.m */,
				A921769220B01C8500F2AD46 /* CenterTestCollectionViewCell.xib */,
			);
			path = View;
			sourceTree = "<group>";
		};
		D24F5E551EF3D9FA0011AB07 /* Image */ = {
			isa = PBXGroup;
			children = (
				D277E1F21EF78BA6001C0DC1 /* message.png */,
				D277E1F01EF78889001C0DC1 /* back.png */,
				D24F5E561EF3D9FA0011AB07 /* center_avatar.jpeg */,
				D24F5E571EF3D9FA0011AB07 /* center_bg.jpg */,
				D277E1F41EF78C3C001C0DC1 /* cartoon.jpg */,
			);
			path = Image;
			sourceTree = "<group>";
		};
		D277E1F91EF78D95001C0DC1 /* Base */ = {
			isa = PBXGroup;
			children = (
				D277E1FA1EF78DA3001C0DC1 /* BaseViewController.h */,
				D277E1FB1EF78DA3001C0DC1 /* BaseViewController.m */,
			);
			path = Base;
			sourceTree = "<group>";
		};
/* End PBXGroup section */

/* Begin PBXNativeTarget section */
		D24F5E271EF3D9CD0011AB07 /* PersonalCenter */ = {
			isa = PBXNativeTarget;
			buildConfigurationList = D24F5E3F1EF3D9CD0011AB07 /* Build configuration list for PBXNativeTarget "PersonalCenter" */;
			buildPhases = (
				D925C69D94FFF40FCB2D437E /* [CP] Check Pods Manifest.lock */,
				D24F5E241EF3D9CD0011AB07 /* Sources */,
				D24F5E251EF3D9CD0011AB07 /* Frameworks */,
				D24F5E261EF3D9CD0011AB07 /* Resources */,
				F30B692062545640449F3FCB /* [CP] Embed Pods Frameworks */,
				E7D45AD5C2379375AEEE2725 /* [CP] Copy Pods Resources */,
			);
			buildRules = (
			);
			dependencies = (
			);
			name = PersonalCenter;
			productName = PersonalCenter;
			productReference = D24F5E281EF3D9CD0011AB07 /* PersonalCenter.app */;
			productType = "com.apple.product-type.application";
		};
/* End PBXNativeTarget section */

/* Begin PBXProject section */
		D24F5E201EF3D9CD0011AB07 /* Project object */ = {
			isa = PBXProject;
			attributes = {
				LastUpgradeCheck = 0900;
				ORGANIZATIONNAME = mint_bin;
				TargetAttributes = {
					D24F5E271EF3D9CD0011AB07 = {
						CreatedOnToolsVersion = 8.3.2;
						ProvisioningStyle = Manual;
					};
				};
			};
			buildConfigurationList = D24F5E231EF3D9CD0011AB07 /* Build configuration list for PBXProject "PersonalCenter" */;
			compatibilityVersion = "Xcode 3.2";
			developmentRegion = English;
			hasScannedForEncodings = 0;
			knownRegions = (
				en,
				Base,
			);
			mainGroup = D24F5E1F1EF3D9CD0011AB07;
			productRefGroup = D24F5E291EF3D9CD0011AB07 /* Products */;
			projectDirPath = "";
			projectRoot = "";
			targets = (
				D24F5E271EF3D9CD0011AB07 /* PersonalCenter */,
			);
		};
/* End PBXProject section */

/* Begin PBXResourcesBuildPhase section */
		D24F5E261EF3D9CD0011AB07 /* Resources */ = {
			isa = PBXResourcesBuildPhase;
			buildActionMask = 2147483647;
			files = (
				D277E1F51EF78C3C001C0DC1 /* cartoon.jpg in Resources */,
				D24F5E631EF3D9FA0011AB07 /* center_bg.jpg in Resources */,
				D24F5E3B1EF3D9CD0011AB07 /* LaunchScreen.storyboard in Resources */,
				D277E1F31EF78BA6001C0DC1 /* message.png in Resources */,
				D24F5E621EF3D9FA0011AB07 /* center_avatar.jpeg in Resources */,
				A921769420B01C8500F2AD46 /* CenterTestCollectionViewCell.xib in Resources */,
				D277E1F11EF78889001C0DC1 /* back.png in Resources */,
				D24F5E381EF3D9CD0011AB07 /* Assets.xcassets in Resources */,
				D24F5E361EF3D9CD0011AB07 /* Main.storyboard in Resources */,
				A921768A20B018F900F2AD46 /* CenterTestCollectionView.xib in Resources */,
			);
			runOnlyForDeploymentPostprocessing = 0;
		};
/* End PBXResourcesBuildPhase section */

/* Begin PBXShellScriptBuildPhase section */
		D925C69D94FFF40FCB2D437E /* [CP] Check Pods Manifest.lock */ = {
			isa = PBXShellScriptBuildPhase;
			buildActionMask = 2147483647;
			files = (
			);
			inputPaths = (
				"${PODS_PODFILE_DIR_PATH}/Podfile.lock",
				"${PODS_ROOT}/Manifest.lock",
			);
			name = "[CP] Check Pods Manifest.lock";
			outputPaths = (
				"$(DERIVED_FILE_DIR)/Pods-PersonalCenter-checkManifestLockResult.txt",
			);
			runOnlyForDeploymentPostprocessing = 0;
			shellPath = /bin/sh;
			shellScript = "diff \"${PODS_PODFILE_DIR_PATH}/Podfile.lock\" \"${PODS_ROOT}/Manifest.lock\" > /dev/null\nif [ $? != 0 ] ; then\n    # print error to STDERR\n    echo \"error: The sandbox is not in sync with the Podfile.lock. Run 'pod install' or update your CocoaPods installation.\" >&2\n    exit 1\nfi\n# This output is used by Xcode 'outputs' to avoid re-running this script phase.\necho \"SUCCESS\" > \"${SCRIPT_OUTPUT_FILE_0}\"\n";
			showEnvVarsInLog = 0;
		};
		E7D45AD5C2379375AEEE2725 /* [CP] Copy Pods Resources */ = {
			isa = PBXShellScriptBuildPhase;
			buildActionMask = 2147483647;
			files = (
			);
			inputPaths = (
				"${SRCROOT}/Pods/Target Support Files/Pods-PersonalCenter/Pods-PersonalCenter-resources.sh",
				"${PODS_ROOT}/MJRefresh/MJRefresh/MJRefresh.bundle",
			);
			name = "[CP] Copy Pods Resources";
			outputPaths = (
				"${TARGET_BUILD_DIR}/${UNLOCALIZED_RESOURCES_FOLDER_PATH}",
			);
			runOnlyForDeploymentPostprocessing = 0;
			shellPath = /bin/sh;
			shellScript = "\"${SRCROOT}/Pods/Target Support Files/Pods-PersonalCenter/Pods-PersonalCenter-resources.sh\"\n";
			showEnvVarsInLog = 0;
		};
		F30B692062545640449F3FCB /* [CP] Embed Pods Frameworks */ = {
			isa = PBXShellScriptBuildPhase;
			buildActionMask = 2147483647;
			files = (
			);
			inputPaths = (
			);
			name = "[CP] Embed Pods Frameworks";
			outputPaths = (
			);
			runOnlyForDeploymentPostprocessing = 0;
			shellPath = /bin/sh;
			shellScript = "\"${SRCROOT}/Pods/Target Support Files/Pods-PersonalCenter/Pods-PersonalCenter-frameworks.sh\"\n";
			showEnvVarsInLog = 0;
		};
/* End PBXShellScriptBuildPhase section */

/* Begin PBXSourcesBuildPhase section */
		D24F5E241EF3D9CD0011AB07 /* Sources */ = {
			isa = PBXSourcesBuildPhase;
			buildActionMask = 2147483647;
			files = (
				D24F5E5E1EF3D9FA0011AB07 /* SegmentViewController.m in Sources */,
				D277E1FC1EF78DA3001C0DC1 /* BaseViewController.m in Sources */,
				53D0B8EF1F712DA40014A6BB /* CenterTouchTableView.m in Sources */,
				D24F5E5D1EF3D9FA0011AB07 /* SecondViewController.m in Sources */,
				D24F5E5B1EF3D9FA0011AB07 /* PersonalCenterViewController.m in Sources */,
				A921769320B01C8500F2AD46 /* CenterTestCollectionViewCell.m in Sources */,
				D24F5E301EF3D9CD0011AB07 /* AppDelegate.m in Sources */,
				53137B961F70F556002A95D8 /* MBProgressHUD+NHAdd.m in Sources */,
				D277E1F81EF78CA3001C0DC1 /* MessageViewController.m in Sources */,
				D24F5E651EF3D9FA0011AB07 /* RootViewController.m in Sources */,
				D24F5E2D1EF3D9CD0011AB07 /* main.m in Sources */,
				D24F5E601EF3D9FA0011AB07 /* SegmentView.m in Sources */,
				D24F5E5C1EF3D9FA0011AB07 /* FirstViewController.m in Sources */,
				D24F5E5F1EF3D9FA0011AB07 /* ThirdViewController.m in Sources */,
				A921768920B018F900F2AD46 /* CenterTestCollectionView.m in Sources */,
				53137B971F70F559002A95D8 /* MBProgressHUD.m in Sources */,
				A9A10C91212A636400F850A1 /* SegmentHeaderView.m in Sources */,
			);
			runOnlyForDeploymentPostprocessing = 0;
		};
/* End PBXSourcesBuildPhase section */

/* Begin PBXVariantGroup section */
		D24F5E341EF3D9CD0011AB07 /* Main.storyboard */ = {
			isa = PBXVariantGroup;
			children = (
				D24F5E351EF3D9CD0011AB07 /* Base */,
			);
			name = Main.storyboard;
			sourceTree = "<group>";
		};
		D24F5E391EF3D9CD0011AB07 /* LaunchScreen.storyboard */ = {
			isa = PBXVariantGroup;
			children = (
				D24F5E3A1EF3D9CD0011AB07 /* Base */,
			);
			name = LaunchScreen.storyboard;
			sourceTree = "<group>";
		};
/* End PBXVariantGroup section */

/* Begin XCBuildConfiguration section */
		D24F5E3D1EF3D9CD0011AB07 /* Debug */ = {
			isa = XCBuildConfiguration;
			buildSettings = {
				ALWAYS_SEARCH_USER_PATHS = NO;
				CLANG_ANALYZER_NONNULL = YES;
				CLANG_ANALYZER_NUMBER_OBJECT_CONVERSION = YES_AGGRESSIVE;
				CLANG_CXX_LANGUAGE_STANDARD = "gnu++0x";
				CLANG_CXX_LIBRARY = "libc++";
				CLANG_ENABLE_MODULES = YES;
				CLANG_ENABLE_OBJC_ARC = YES;
				CLANG_WARN_BLOCK_CAPTURE_AUTORELEASING = YES;
				CLANG_WARN_BOOL_CONVERSION = YES;
				CLANG_WARN_COMMA = YES;
				CLANG_WARN_CONSTANT_CONVERSION = YES;
				CLANG_WARN_DIRECT_OBJC_ISA_USAGE = YES_ERROR;
				CLANG_WARN_DOCUMENTATION_COMMENTS = YES;
				CLANG_WARN_EMPTY_BODY = YES;
				CLANG_WARN_ENUM_CONVERSION = YES;
				CLANG_WARN_INFINITE_RECURSION = YES;
				CLANG_WARN_INT_CONVERSION = YES;
				CLANG_WARN_NON_LITERAL_NULL_CONVERSION = YES;
				CLANG_WARN_OBJC_LITERAL_CONVERSION = YES;
				CLANG_WARN_OBJC_ROOT_CLASS = YES_ERROR;
				CLANG_WARN_RANGE_LOOP_ANALYSIS = YES;
				CLANG_WARN_STRICT_PROTOTYPES = YES;
				CLANG_WARN_SUSPICIOUS_MOVE = YES;
				CLANG_WARN_UNREACHABLE_CODE = YES;
				CLANG_WARN__DUPLICATE_METHOD_MATCH = YES;
				"CODE_SIGN_IDENTITY[sdk=iphoneos*]" = "iPhone Developer";
				COPY_PHASE_STRIP = NO;
				DEBUG_INFORMATION_FORMAT = dwarf;
				ENABLE_STRICT_OBJC_MSGSEND = YES;
				ENABLE_TESTABILITY = YES;
				GCC_C_LANGUAGE_STANDARD = gnu99;
				GCC_DYNAMIC_NO_PIC = NO;
				GCC_NO_COMMON_BLOCKS = YES;
				GCC_OPTIMIZATION_LEVEL = 0;
				GCC_PREPROCESSOR_DEFINITIONS = (
					"DEBUG=1",
					"$(inherited)",
				);
				GCC_WARN_64_TO_32_BIT_CONVERSION = YES;
				GCC_WARN_ABOUT_RETURN_TYPE = YES_ERROR;
				GCC_WARN_UNDECLARED_SELECTOR = YES;
				GCC_WARN_UNINITIALIZED_AUTOS = YES_AGGRESSIVE;
				GCC_WARN_UNUSED_FUNCTION = YES;
				GCC_WARN_UNUSED_VARIABLE = YES;
				IPHONEOS_DEPLOYMENT_TARGET = 8.0;
				MTL_ENABLE_DEBUG_INFO = YES;
				ONLY_ACTIVE_ARCH = YES;
				SDKROOT = iphoneos;
				TARGETED_DEVICE_FAMILY = "1,2";
			};
			name = Debug;
		};
		D24F5E3E1EF3D9CD0011AB07 /* Release */ = {
			isa = XCBuildConfiguration;
			buildSettings = {
				ALWAYS_SEARCH_USER_PATHS = NO;
				CLANG_ANALYZER_NONNULL = YES;
				CLANG_ANALYZER_NUMBER_OBJECT_CONVERSION = YES_AGGRESSIVE;
				CLANG_CXX_LANGUAGE_STANDARD = "gnu++0x";
				CLANG_CXX_LIBRARY = "libc++";
				CLANG_ENABLE_MODULES = YES;
				CLANG_ENABLE_OBJC_ARC = YES;
				CLANG_WARN_BLOCK_CAPTURE_AUTORELEASING = YES;
				CLANG_WARN_BOOL_CONVERSION = YES;
				CLANG_WARN_COMMA = YES;
				CLANG_WARN_CONSTANT_CONVERSION = YES;
				CLANG_WARN_DIRECT_OBJC_ISA_USAGE = YES_ERROR;
				CLANG_WARN_DOCUMENTATION_COMMENTS = YES;
				CLANG_WARN_EMPTY_BODY = YES;
				CLANG_WARN_ENUM_CONVERSION = YES;
				CLANG_WARN_INFINITE_RECURSION = YES;
				CLANG_WARN_INT_CONVERSION = YES;
				CLANG_WARN_NON_LITERAL_NULL_CONVERSION = YES;
				CLANG_WARN_OBJC_LITERAL_CONVERSION = YES;
				CLANG_WARN_OBJC_ROOT_CLASS = YES_ERROR;
				CLANG_WARN_RANGE_LOOP_ANALYSIS = YES;
				CLANG_WARN_STRICT_PROTOTYPES = YES;
				CLANG_WARN_SUSPICIOUS_MOVE = YES;
				CLANG_WARN_UNREACHABLE_CODE = YES;
				CLANG_WARN__DUPLICATE_METHOD_MATCH = YES;
				"CODE_SIGN_IDENTITY[sdk=iphoneos*]" = "iPhone Developer";
				COPY_PHASE_STRIP = NO;
				DEBUG_INFORMATION_FORMAT = "dwarf-with-dsym";
				ENABLE_NS_ASSERTIONS = NO;
				ENABLE_STRICT_OBJC_MSGSEND = YES;
				GCC_C_LANGUAGE_STANDARD = gnu99;
				GCC_NO_COMMON_BLOCKS = YES;
				GCC_WARN_64_TO_32_BIT_CONVERSION = YES;
				GCC_WARN_ABOUT_RETURN_TYPE = YES_ERROR;
				GCC_WARN_UNDECLARED_SELECTOR = YES;
				GCC_WARN_UNINITIALIZED_AUTOS = YES_AGGRESSIVE;
				GCC_WARN_UNUSED_FUNCTION = YES;
				GCC_WARN_UNUSED_VARIABLE = YES;
				IPHONEOS_DEPLOYMENT_TARGET = 8.0;
				MTL_ENABLE_DEBUG_INFO = NO;
				SDKROOT = iphoneos;
				TARGETED_DEVICE_FAMILY = "1,2";
				VALIDATE_PRODUCT = YES;
			};
			name = Release;
		};
		D24F5E401EF3D9CD0011AB07 /* Debug */ = {
			isa = XCBuildConfiguration;
			baseConfigurationReference = EEC61715961AFF357FFAE7F5 /* Pods-PersonalCenter.debug.xcconfig */;
			buildSettings = {
				ASSETCATALOG_COMPILER_APPICON_NAME = AppIcon;
				CODE_SIGN_IDENTITY = "iPhone Developer";
				"CODE_SIGN_IDENTITY[sdk=iphoneos*]" = "iPhone Developer";
				CODE_SIGN_STYLE = Manual;
				DEVELOPMENT_TEAM = "";
				GCC_PREFIX_HEADER = "$(SRCROOT)/PersonalCenter/PrefixHeader.pch";
				INFOPLIST_FILE = PersonalCenter/Info.plist;
				IPHONEOS_DEPLOYMENT_TARGET = 8.0;
				LD_RUNPATH_SEARCH_PATHS = "$(inherited) @executable_path/Frameworks";
				PRODUCT_BUNDLE_IDENTIFIER = com.mint.com.PersonalCenter;
				PRODUCT_NAME = "$(TARGET_NAME)";
				PROVISIONING_PROFILE_SPECIFIER = "";
			};
			name = Debug;
		};
		D24F5E411EF3D9CD0011AB07 /* Release */ = {
			isa = XCBuildConfiguration;
			baseConfigurationReference = D8C0A4C5A30C82D2D3EF880E /* Pods-PersonalCenter.release.xcconfig */;
			buildSettings = {
				ASSETCATALOG_COMPILER_APPICON_NAME = AppIcon;
				CODE_SIGN_IDENTITY = "iPhone Developer";
				"CODE_SIGN_IDENTITY[sdk=iphoneos*]" = "iPhone Developer";
				CODE_SIGN_STYLE = Manual;
				DEVELOPMENT_TEAM = "";
				GCC_PREFIX_HEADER = "$(SRCROOT)/PersonalCenter/PrefixHeader.pch";
				INFOPLIST_FILE = PersonalCenter/Info.plist;
				IPHONEOS_DEPLOYMENT_TARGET = 8.0;
				LD_RUNPATH_SEARCH_PATHS = "$(inherited) @executable_path/Frameworks";
				PRODUCT_BUNDLE_IDENTIFIER = com.mint.com.PersonalCenter;
				PRODUCT_NAME = "$(TARGET_NAME)";
				PROVISIONING_PROFILE_SPECIFIER = "";
			};
			name = Release;
		};
/* End XCBuildConfiguration section */

/* Begin XCConfigurationList section */
		D24F5E231EF3D9CD0011AB07 /* Build configuration list for PBXProject "PersonalCenter" */ = {
			isa = XCConfigurationList;
			buildConfigurations = (
				D24F5E3D1EF3D9CD0011AB07 /* Debug */,
				D24F5E3E1EF3D9CD0011AB07 /* Release */,
			);
			defaultConfigurationIsVisible = 0;
			defaultConfigurationName = Release;
		};
		D24F5E3F1EF3D9CD0011AB07 /* Build configuration list for PBXNativeTarget "PersonalCenter" */ = {
			isa = XCConfigurationList;
			buildConfigurations = (
				D24F5E401EF3D9CD0011AB07 /* Debug */,
				D24F5E411EF3D9CD0011AB07 /* Release */,
			);
			defaultConfigurationIsVisible = 0;
			defaultConfigurationName = Release;
		};
/* End XCConfigurationList section */
	};
	rootObject = D24F5E201EF3D9CD0011AB07 /* Project object */;
}
